
Microsoft Visual Studio Solution File, Format Version 12.00
# Visual Studio Version 17
VisualStudioVersion = 17.2.32630.192
MinimumVisualStudioVersion = 10.0.40219.1
Project("{9A19103F-16F7-4668-BE54-9A1E7A4F7556}") = "ServiceApi", "ServiceApi\ServiceApi.csproj", "{234AA6B0-4610-4194-B1DF-374BD83A897B}"
EndProject
Project("{FAE04EC0-301F-11D3-BF4B-00C04F79EFBC}") = "Data", "Data\Data.csproj", "{CDDE6E00-C341-43A6-9ECB-02F8B77F78AE}"
EndProject
Project("{FAE04EC0-301F-11D3-BF4B-00C04F79EFBC}") = "Entidades", "Core\Entidades.csproj", "{73CE65FF-A3E4-4A46-A9B1-9BDD9B4AF300}"
EndProject
Project("{FAE04EC0-301F-11D3-BF4B-00C04F79EFBC}") = "Service", "Service\Service.csproj", "{A86425A6-5705-4050-829B-AB058E51BB9C}"
EndProject
Global
	GlobalSection(SolutionConfigurationPlatforms) = preSolution
		Debug|Any CPU = Debug|Any CPU
		Release|Any CPU = Release|Any CPU
	EndGlobalSection
	GlobalSection(ProjectConfigurationPlatforms) = postSolution
		{234AA6B0-4610-4194-B1DF-374BD83A897B}.Debug|Any CPU.ActiveCfg = Debug|Any CPU
		{234AA6B0-4610-4194-B1DF-374BD83A897B}.Debug|Any CPU.Build.0 = Debug|Any CPU
		{234AA6B0-4610-4194-B1DF-374BD83A897B}.Release|Any CPU.ActiveCfg = Release|Any CPU
		{234AA6B0-4610-4194-B1DF-374BD83A897B}.Release|Any CPU.Build.0 = Release|Any CPU
		{CDDE6E00-C341-43A6-9ECB-02F8B77F78AE}.Debug|Any CPU.ActiveCfg = Debug|Any CPU
		{CDDE6E00-C341-43A6-9ECB-02F8B77F78AE}.Debug|Any CPU.Build.0 = Debug|Any CPU
		{CDDE6E00-C341-43A6-9ECB-02F8B77F78AE}.Release|Any CPU.ActiveCfg = Release|Any CPU
		{CDDE6E00-C341-43A6-9ECB-02F8B77F78AE}.Release|Any CPU.Build.0 = Release|Any CPU
		{73CE65FF-A3E4-4A46-A9B1-9BDD9B4AF300}.Debug|Any CPU.ActiveCfg = Debug|Any CPU
		{73CE65FF-A3E4-4A46-A9B1-9BDD9B4AF300}.Debug|Any CPU.Build.0 = Debug|Any CPU
		{73CE65FF-A3E4-4A46-A9B1-9BDD9B4AF300}.Release|Any CPU.ActiveCfg = Release|Any CPU
		{73CE65FF-A3E4-4A46-A9B1-9BDD9B4AF300}.Release|Any CPU.Build.0 = Release|Any CPU
		{A86425A6-5705-4050-829B-AB058E51BB9C}.Debug|Any CPU.ActiveCfg = Debug|Any CPU
		{A86425A6-5705-4050-829B-AB058E51BB9C}.Debug|Any CPU.Build.0 = Debug|Any CPU
		{A86425A6-5705-4050-829B-AB058E51BB9C}.Release|Any CPU.ActiveCfg = Release|Any CPU
		{A86425A6-5705-4050-829B-AB058E51BB9C}.Release|Any CPU.Build.0 = Release|Any CPU
	EndGlobalSection
	GlobalSection(SolutionProperties) = preSolution
		HideSolutionNode = FALSE
	EndGlobalSection
	GlobalSection(ExtensibilityGlobals) = postSolution
		SolutionGuid = {EF8471D9-DF84-4418-BA7D-BBE11ECD483C}
	EndGlobalSection
EndGlobal
